
Microsoft Visual Studio Solution File, Format Version 12.00
# Visual Studio 15
VisualStudioVersion = 15.0.26124.0
MinimumVisualStudioVersion = 15.0.26124.0
Project("{F2A71F9B-5D33-465A-A702-920D77279786}") = "01", "01\01.fsproj", "{574BF869-EE55-43F6-BCAE-679556B9DF3D}"
EndProject
Project("{F2A71F9B-5D33-465A-A702-920D77279786}") = "02", "02\02.fsproj", "{25D3165E-EC74-48CB-B0BD-47F46DD8F4F9}"
EndProject
Project("{F2A71F9B-5D33-465A-A702-920D77279786}") = "03", "03\03.fsproj", "{C9D133B0-8DC3-42DC-B728-53452D06F410}"
EndProject
Project("{F2A71F9B-5D33-465A-A702-920D77279786}") = "04", "04\04.fsproj", "{5112EA45-957C-4B0A-997E-10B5FBA3DCF2}"
EndProject
Project("{F2A71F9B-5D33-465A-A702-920D77279786}") = "05", "05\05.fsproj", "{1339B834-2BB1-4928-B065-B57AFBB80833}"
EndProject
Global
	GlobalSection(SolutionConfigurationPlatforms) = preSolution
		Debug|Any CPU = Debug|Any CPU
		Debug|x64 = Debug|x64
		Debug|x86 = Debug|x86
		Release|Any CPU = Release|Any CPU
		Release|x64 = Release|x64
		Release|x86 = Release|x86
	EndGlobalSection
	GlobalSection(SolutionProperties) = preSolution
		HideSolutionNode = FALSE
	EndGlobalSection
	GlobalSection(ProjectConfigurationPlatforms) = postSolution
		{574BF869-EE55-43F6-BCAE-679556B9DF3D}.Debug|Any CPU.ActiveCfg = Debug|Any CPU
		{574BF869-EE55-43F6-BCAE-679556B9DF3D}.Debug|Any CPU.Build.0 = Debug|Any CPU
		{574BF869-EE55-43F6-BCAE-679556B9DF3D}.Debug|x64.ActiveCfg = Debug|Any CPU
		{574BF869-EE55-43F6-BCAE-679556B9DF3D}.Debug|x64.Build.0 = Debug|Any CPU
		{574BF869-EE55-43F6-BCAE-679556B9DF3D}.Debug|x86.ActiveCfg = Debug|Any CPU
		{574BF869-EE55-43F6-BCAE-679556B9DF3D}.Debug|x86.Build.0 = Debug|Any CPU
		{574BF869-EE55-43F6-BCAE-679556B9DF3D}.Release|Any CPU.ActiveCfg = Release|Any CPU
		{574BF869-EE55-43F6-BCAE-679556B9DF3D}.Release|Any CPU.Build.0 = Release|Any CPU
		{574BF869-EE55-43F6-BCAE-679556B9DF3D}.Release|x64.ActiveCfg = Release|Any CPU
		{574BF869-EE55-43F6-BCAE-679556B9DF3D}.Release|x64.Build.0 = Release|Any CPU
		{574BF869-EE55-43F6-BCAE-679556B9DF3D}.Release|x86.ActiveCfg = Release|Any CPU
		{574BF869-EE55-43F6-BCAE-679556B9DF3D}.Release|x86.Build.0 = Release|Any CPU
		{25D3165E-EC74-48CB-B0BD-47F46DD8F4F9}.Debug|Any CPU.ActiveCfg = Debug|Any CPU
		{25D3165E-EC74-48CB-B0BD-47F46DD8F4F9}.Debug|Any CPU.Build.0 = Debug|Any CPU
		{25D3165E-EC74-48CB-B0BD-47F46DD8F4F9}.Debug|x64.ActiveCfg = Debug|Any CPU
		{25D3165E-EC74-48CB-B0BD-47F46DD8F4F9}.Debug|x64.Build.0 = Debug|Any CPU
		{25D3165E-EC74-48CB-B0BD-47F46DD8F4F9}.Debug|x86.ActiveCfg = Debug|Any CPU
		{25D3165E-EC74-48CB-B0BD-47F46DD8F4F9}.Debug|x86.Build.0 = Debug|Any CPU
		{25D3165E-EC74-48CB-B0BD-47F46DD8F4F9}.Release|Any CPU.ActiveCfg = Release|Any CPU
		{25D3165E-EC74-48CB-B0BD-47F46DD8F4F9}.Release|Any CPU.Build.0 = Release|Any CPU
		{25D3165E-EC74-48CB-B0BD-47F46DD8F4F9}.Release|x64.ActiveCfg = Release|Any CPU
		{25D3165E-EC74-48CB-B0BD-47F46DD8F4F9}.Release|x64.Build.0 = Release|Any CPU
		{25D3165E-EC74-48CB-B0BD-47F46DD8F4F9}.Release|x86.ActiveCfg = Release|Any CPU
		{25D3165E-EC74-48CB-B0BD-47F46DD8F4F9}.Release|x86.Build.0 = Release|Any CPU
		{C9D133B0-8DC3-42DC-B728-53452D06F410}.Debug|Any CPU.ActiveCfg = Debug|Any CPU
		{C9D133B0-8DC3-42DC-B728-53452D06F410}.Debug|Any CPU.Build.0 = Debug|Any CPU
		{C9D133B0-8DC3-42DC-B728-53452D06F410}.Debug|x64.ActiveCfg = Debug|Any CPU
		{C9D133B0-8DC3-42DC-B728-53452D06F410}.Debug|x64.Build.0 = Debug|Any CPU
		{C9D133B0-8DC3-42DC-B728-53452D06F410}.Debug|x86.ActiveCfg = Debug|Any CPU
		{C9D133B0-8DC3-42DC-B728-53452D06F410}.Debug|x86.Build.0 = Debug|Any CPU
		{C9D133B0-8DC3-42DC-B728-53452D06F410}.Release|Any CPU.ActiveCfg = Release|Any CPU
		{C9D133B0-8DC3-42DC-B728-53452D06F410}.Release|Any CPU.Build.0 = Release|Any CPU
		{C9D133B0-8DC3-42DC-B728-53452D06F410}.Release|x64.ActiveCfg = Release|Any CPU
		{C9D133B0-8DC3-42DC-B728-53452D06F410}.Release|x64.Build.0 = Release|Any CPU
		{C9D133B0-8DC3-42DC-B728-53452D06F410}.Release|x86.ActiveCfg = Release|Any CPU
		{C9D133B0-8DC3-42DC-B728-53452D06F410}.Release|x86.Build.0 = Release|Any CPU
		{5112EA45-957C-4B0A-997E-10B5FBA3DCF2}.Debug|Any CPU.ActiveCfg = Debug|Any CPU
		{5112EA45-957C-4B0A-997E-10B5FBA3DCF2}.Debug|Any CPU.Build.0 = Debug|Any CPU
		{5112EA45-957C-4B0A-997E-10B5FBA3DCF2}.Debug|x64.ActiveCfg = Debug|Any CPU
		{5112EA45-957C-4B0A-997E-10B5FBA3DCF2}.Debug|x64.Build.0 = Debug|Any CPU
		{5112EA45-957C-4B0A-997E-10B5FBA3DCF2}.Debug|x86.ActiveCfg = Debug|Any CPU
		{5112EA45-957C-4B0A-997E-10B5FBA3DCF2}.Debug|x86.Build.0 = Debug|Any CPU
		{5112EA45-957C-4B0A-997E-10B5FBA3DCF2}.Release|Any CPU.ActiveCfg = Release|Any CPU
		{5112EA45-957C-4B0A-997E-10B5FBA3DCF2}.Release|Any CPU.Build.0 = Release|Any CPU
		{5112EA45-957C-4B0A-997E-10B5FBA3DCF2}.Release|x64.ActiveCfg = Release|Any CPU
		{5112EA45-957C-4B0A-997E-10B5FBA3DCF2}.Release|x64.Build.0 = Release|Any CPU
		{5112EA45-957C-4B0A-997E-10B5FBA3DCF2}.Release|x86.ActiveCfg = Release|Any CPU
		{5112EA45-957C-4B0A-997E-10B5FBA3DCF2}.Release|x86.Build.0 = Release|Any CPU
		{1339B834-2BB1-4928-B065-B57AFBB80833}.Debug|Any CPU.ActiveCfg = Debug|Any CPU
		{1339B834-2BB1-4928-B065-B57AFBB80833}.Debug|Any CPU.Build.0 = Debug|Any CPU
		{1339B834-2BB1-4928-B065-B57AFBB80833}.Debug|x64.ActiveCfg = Debug|Any CPU
		{1339B834-2BB1-4928-B065-B57AFBB80833}.Debug|x64.Build.0 = Debug|Any CPU
		{1339B834-2BB1-4928-B065-B57AFBB80833}.Debug|x86.ActiveCfg = Debug|Any CPU
		{1339B834-2BB1-4928-B065-B57AFBB80833}.Debug|x86.Build.0 = Debug|Any CPU
		{1339B834-2BB1-4928-B065-B57AFBB80833}.Release|Any CPU.ActiveCfg = Release|Any CPU
		{1339B834-2BB1-4928-B065-B57AFBB80833}.Release|Any CPU.Build.0 = Release|Any CPU
		{1339B834-2BB1-4928-B065-B57AFBB80833}.Release|x64.ActiveCfg = Release|Any CPU
		{1339B834-2BB1-4928-B065-B57AFBB80833}.Release|x64.Build.0 = Release|Any CPU
		{1339B834-2BB1-4928-B065-B57AFBB80833}.Release|x86.ActiveCfg = Release|Any CPU
		{1339B834-2BB1-4928-B065-B57AFBB80833}.Release|x86.Build.0 = Release|Any CPU
	EndGlobalSection
EndGlobal
